
Microsoft Visual Studio Solution File, Format Version 12.00
# Visual Studio Version 16
VisualStudioVersion = 16.0.33927.289
MinimumVisualStudioVersion = 10.0.40219.1
Project("{FAE04EC0-301F-11D3-BF4B-00C04F79EFBC}") = "3a_JS", "3a_JS.csproj", "{45D9F3EB-303F-4053-B892-394F6133C959}"
EndProject
Global
	GlobalSection(SolutionConfigurationPlatforms) = preSolution
		Debug|Any CPU = Debug|Any CPU
		Release|Any CPU = Release|Any CPU
	EndGlobalSection
	GlobalSection(ProjectConfigurationPlatforms) = postSolution
		{45D9F3EB-303F-4053-B892-394F6133C959}.Debug|Any CPU.ActiveCfg = Debug|Any CPU
		{45D9F3EB-303F-4053-B892-394F6133C959}.Debug|Any CPU.Build.0 = Debug|Any CPU
		{45D9F3EB-303F-4053-B892-394F6133C959}.Release|Any CPU.ActiveCfg = Release|Any CPU
		{45D9F3EB-303F-4053-B892-394F6133C959}.Release|Any CPU.Build.0 = Release|Any CPU
	EndGlobalSection
	GlobalSection(SolutionProperties) = preSolution
		HideSolutionNode = FALSE
	EndGlobalSection
	GlobalSection(ExtensibilityGlobals) = postSolution
		SolutionGuid = {2D60CAA5-2732-49F5-BEF5-5FFC88BE9049}
	EndGlobalSection
EndGlobal
